
Microsoft Visual Studio Solution File, Format Version 12.00
# Visual Studio Version 17
VisualStudioVersion = 17.4.33205.214
MinimumVisualStudioVersion = 10.0.40219.1
Project("{9A19103F-16F7-4668-BE54-9A1E7A4F7556}") = "Girteka_task", "Girteka_task.csproj", "{5F92A802-78C3-4DD2-AB8F-8A257E881419}"
EndProject
Project("{FAE04EC0-301F-11D3-BF4B-00C04F79EFBC}") = "Girteka_task_tests", "..\Girteka_task_tests\Girteka_task_tests.csproj", "{A6692900-EAE0-48FB-BC2F-2EF5AE33B687}"
EndProject
Global
	GlobalSection(SolutionConfigurationPlatforms) = preSolution
		Debug|Any CPU = Debug|Any CPU
		Release|Any CPU = Release|Any CPU
	EndGlobalSection
	GlobalSection(ProjectConfigurationPlatforms) = postSolution
		{5F92A802-78C3-4DD2-AB8F-8A257E881419}.Debug|Any CPU.ActiveCfg = Debug|Any CPU
		{5F92A802-78C3-4DD2-AB8F-8A257E881419}.Debug|Any CPU.Build.0 = Debug|Any CPU
		{5F92A802-78C3-4DD2-AB8F-8A257E881419}.Release|Any CPU.ActiveCfg = Release|Any CPU
		{5F92A802-78C3-4DD2-AB8F-8A257E881419}.Release|Any CPU.Build.0 = Release|Any CPU
		{A6692900-EAE0-48FB-BC2F-2EF5AE33B687}.Debug|Any CPU.ActiveCfg = Debug|Any CPU
		{A6692900-EAE0-48FB-BC2F-2EF5AE33B687}.Debug|Any CPU.Build.0 = Debug|Any CPU
		{A6692900-EAE0-48FB-BC2F-2EF5AE33B687}.Release|Any CPU.ActiveCfg = Release|Any CPU
		{A6692900-EAE0-48FB-BC2F-2EF5AE33B687}.Release|Any CPU.Build.0 = Release|Any CPU
	EndGlobalSection
	GlobalSection(SolutionProperties) = preSolution
		HideSolutionNode = FALSE
	EndGlobalSection
	GlobalSection(ExtensibilityGlobals) = postSolution
		SolutionGuid = {1F56E67E-56DC-4C21-81E7-7F24D7A113FA}
	EndGlobalSection
EndGlobal
